
Microsoft Visual Studio Solution File, Format Version 12.00
# Visual Studio Version 16
VisualStudioVersion = 16.0.30503.244
MinimumVisualStudioVersion = 10.0.40219.1
Project("{9A19103F-16F7-4668-BE54-9A1E7A4F7556}") = "HasMajority", "HasMajority\HasMajority.csproj", "{2F545AF3-3012-49B5-9163-B54C4FE400A2}"
EndProject
Project("{FAE04EC0-301F-11D3-BF4B-00C04F79EFBC}") = "HasMajorityFaster", "HasMajorityFaster\HasMajorityFaster.csproj", "{A91EB097-72CA-4F51-BA57-DC5E603691C3}"
EndProject
Global
	GlobalSection(SolutionConfigurationPlatforms) = preSolution
		Debug|Any CPU = Debug|Any CPU
		Release|Any CPU = Release|Any CPU
	EndGlobalSection
	GlobalSection(ProjectConfigurationPlatforms) = postSolution
		{2F545AF3-3012-49B5-9163-B54C4FE400A2}.Debug|Any CPU.ActiveCfg = Debug|Any CPU
		{2F545AF3-3012-49B5-9163-B54C4FE400A2}.Debug|Any CPU.Build.0 = Debug|Any CPU
		{2F545AF3-3012-49B5-9163-B54C4FE400A2}.Release|Any CPU.ActiveCfg = Release|Any CPU
		{2F545AF3-3012-49B5-9163-B54C4FE400A2}.Release|Any CPU.Build.0 = Release|Any CPU
		{A91EB097-72CA-4F51-BA57-DC5E603691C3}.Debug|Any CPU.ActiveCfg = Debug|Any CPU
		{A91EB097-72CA-4F51-BA57-DC5E603691C3}.Debug|Any CPU.Build.0 = Debug|Any CPU
		{A91EB097-72CA-4F51-BA57-DC5E603691C3}.Release|Any CPU.ActiveCfg = Release|Any CPU
		{A91EB097-72CA-4F51-BA57-DC5E603691C3}.Release|Any CPU.Build.0 = Release|Any CPU
	EndGlobalSection
	GlobalSection(SolutionProperties) = preSolution
		HideSolutionNode = FALSE
	EndGlobalSection
	GlobalSection(ExtensibilityGlobals) = postSolution
		SolutionGuid = {4A767A5D-B8C0-4034-9170-9694CF193C6E}
	EndGlobalSection
EndGlobal
